
Microsoft Visual Studio Solution File, Format Version 12.00
# Visual Studio Version 16
VisualStudioVersion = 16.0.30517.126
MinimumVisualStudioVersion = 10.0.40219.1
Project("{FAE04EC0-301F-11D3-BF4B-00C04F79EFBC}") = "lab01", "lab01\lab01.csproj", "{4E4B41AF-193B-4258-BD91-0086391F9A8A}"
EndProject
Project("{FAE04EC0-301F-11D3-BF4B-00C04F79EFBC}") = "WingtipToys", "WingtipToys\WingtipToys.csproj", "{2DA3F441-B4EF-407A-8B4A-99A7E94F252B}"
EndProject
Global
	GlobalSection(SolutionConfigurationPlatforms) = preSolution
		Debug|Any CPU = Debug|Any CPU
		Release|Any CPU = Release|Any CPU
	EndGlobalSection
	GlobalSection(ProjectConfigurationPlatforms) = postSolution
		{4E4B41AF-193B-4258-BD91-0086391F9A8A}.Debug|Any CPU.ActiveCfg = Debug|Any CPU
		{4E4B41AF-193B-4258-BD91-0086391F9A8A}.Debug|Any CPU.Build.0 = Debug|Any CPU
		{4E4B41AF-193B-4258-BD91-0086391F9A8A}.Release|Any CPU.ActiveCfg = Release|Any CPU
		{4E4B41AF-193B-4258-BD91-0086391F9A8A}.Release|Any CPU.Build.0 = Release|Any CPU
		{2DA3F441-B4EF-407A-8B4A-99A7E94F252B}.Debug|Any CPU.ActiveCfg = Debug|Any CPU
		{2DA3F441-B4EF-407A-8B4A-99A7E94F252B}.Debug|Any CPU.Build.0 = Debug|Any CPU
		{2DA3F441-B4EF-407A-8B4A-99A7E94F252B}.Release|Any CPU.ActiveCfg = Release|Any CPU
		{2DA3F441-B4EF-407A-8B4A-99A7E94F252B}.Release|Any CPU.Build.0 = Release|Any CPU
	EndGlobalSection
	GlobalSection(SolutionProperties) = preSolution
		HideSolutionNode = FALSE
	EndGlobalSection
	GlobalSection(ExtensibilityGlobals) = postSolution
		SolutionGuid = {F2DE76F4-6391-4738-8004-6FF8B14415D8}
	EndGlobalSection
EndGlobal
