
Microsoft Visual Studio Solution File, Format Version 12.00
# Visual Studio Version 16
VisualStudioVersion = 16.0.30517.126
MinimumVisualStudioVersion = 10.0.40219.1
Project("{FAE04EC0-301F-11D3-BF4B-00C04F79EFBC}") = "Product Manager", "Product Manager.csproj", "{2FF1D42C-71F6-410B-88E9-3D67968CBF77}"
EndProject
Global
	GlobalSection(SolutionConfigurationPlatforms) = preSolution
		Debug|Any CPU = Debug|Any CPU
		Release|Any CPU = Release|Any CPU
	EndGlobalSection
	GlobalSection(ProjectConfigurationPlatforms) = postSolution
		{2FF1D42C-71F6-410B-88E9-3D67968CBF77}.Debug|Any CPU.ActiveCfg = Debug|Any CPU
		{2FF1D42C-71F6-410B-88E9-3D67968CBF77}.Debug|Any CPU.Build.0 = Debug|Any CPU
		{2FF1D42C-71F6-410B-88E9-3D67968CBF77}.Release|Any CPU.ActiveCfg = Release|Any CPU
		{2FF1D42C-71F6-410B-88E9-3D67968CBF77}.Release|Any CPU.Build.0 = Release|Any CPU
	EndGlobalSection
	GlobalSection(SolutionProperties) = preSolution
		HideSolutionNode = FALSE
	EndGlobalSection
	GlobalSection(ExtensibilityGlobals) = postSolution
		SolutionGuid = {BD2607D8-1526-4AFF-9131-0450C89A5095}
	EndGlobalSection
EndGlobal
