
Microsoft Visual Studio Solution File, Format Version 12.00
# Visual Studio Version 16
VisualStudioVersion = 16.0.30517.126
MinimumVisualStudioVersion = 10.0.40219.1
Project("{FAE04EC0-301F-11D3-BF4B-00C04F79EFBC}") = "tuanstore", "tuanstore.csproj", "{4073B4A3-E2CF-4729-AE60-28710CD4910C}"
EndProject
Global
	GlobalSection(SolutionConfigurationPlatforms) = preSolution
		Debug|Any CPU = Debug|Any CPU
		Release|Any CPU = Release|Any CPU
	EndGlobalSection
	GlobalSection(ProjectConfigurationPlatforms) = postSolution
		{4073B4A3-E2CF-4729-AE60-28710CD4910C}.Debug|Any CPU.ActiveCfg = Debug|Any CPU
		{4073B4A3-E2CF-4729-AE60-28710CD4910C}.Debug|Any CPU.Build.0 = Debug|Any CPU
		{4073B4A3-E2CF-4729-AE60-28710CD4910C}.Release|Any CPU.ActiveCfg = Release|Any CPU
		{4073B4A3-E2CF-4729-AE60-28710CD4910C}.Release|Any CPU.Build.0 = Release|Any CPU
	EndGlobalSection
	GlobalSection(SolutionProperties) = preSolution
		HideSolutionNode = FALSE
	EndGlobalSection
	GlobalSection(ExtensibilityGlobals) = postSolution
		SolutionGuid = {01EB63BC-877D-4A4F-9234-907CCAEC24E9}
	EndGlobalSection
EndGlobal
