
Microsoft Visual Studio Solution File, Format Version 12.00
# Visual Studio Version 16
VisualStudioVersion = 16.0.30517.126
MinimumVisualStudioVersion = 10.0.40219.1
Project("{FAE04EC0-301F-11D3-BF4B-00C04F79EFBC}") = "WingtipToys", "WingtipToys\WingtipToys.csproj", "{EA6C070A-9C31-4F78-B8D2-0B7C02AB2613}"
EndProject
Global
	GlobalSection(SolutionConfigurationPlatforms) = preSolution
		Debug|Any CPU = Debug|Any CPU
		Release|Any CPU = Release|Any CPU
	EndGlobalSection
	GlobalSection(ProjectConfigurationPlatforms) = postSolution
		{EA6C070A-9C31-4F78-B8D2-0B7C02AB2613}.Debug|Any CPU.ActiveCfg = Debug|Any CPU
		{EA6C070A-9C31-4F78-B8D2-0B7C02AB2613}.Debug|Any CPU.Build.0 = Debug|Any CPU
		{EA6C070A-9C31-4F78-B8D2-0B7C02AB2613}.Release|Any CPU.ActiveCfg = Release|Any CPU
		{EA6C070A-9C31-4F78-B8D2-0B7C02AB2613}.Release|Any CPU.Build.0 = Release|Any CPU
	EndGlobalSection
	GlobalSection(SolutionProperties) = preSolution
		HideSolutionNode = FALSE
	EndGlobalSection
	GlobalSection(ExtensibilityGlobals) = postSolution
		SolutionGuid = {AC981318-2BC7-440E-9860-C641C4161E77}
	EndGlobalSection
EndGlobal
