
Microsoft Visual Studio Solution File, Format Version 12.00
# Visual Studio Version 16
VisualStudioVersion = 16.0.30413.136
MinimumVisualStudioVersion = 10.0.40219.1
Project("{FAE04EC0-301F-11D3-BF4B-00C04F79EFBC}") = "xBindDataExample", "xBindDataExample\xBindDataExample.csproj", "{59BC4308-214A-4845-AB35-68EF4ADCC707}"
EndProject
Project("{FAE04EC0-301F-11D3-BF4B-00C04F79EFBC}") = "u41", "u41\u41.csproj", "{96FB554B-A41D-4831-AB6B-167D71CCEC97}"
EndProject
Project("{FAE04EC0-301F-11D3-BF4B-00C04F79EFBC}") = "u42", "u42\u42.csproj", "{5C7D28E9-576B-4C14-9372-69B0E6CBEB94}"
EndProject
Project("{FAE04EC0-301F-11D3-BF4B-00C04F79EFBC}") = "lap036", "lap036\lap036.csproj", "{3F344D29-FA4A-4601-87B0-32C6E53D145F}"
EndProject
Project("{FAE04EC0-301F-11D3-BF4B-00C04F79EFBC}") = "baitap1", "baitap1\baitap1.csproj", "{DA574F4B-5CFA-43BF-8674-D0E736939F50}"
EndProject
Global
	GlobalSection(SolutionConfigurationPlatforms) = preSolution
		Debug|ARM = Debug|ARM
		Debug|ARM64 = Debug|ARM64
		Debug|x64 = Debug|x64
		Debug|x86 = Debug|x86
		Release|ARM = Release|ARM
		Release|ARM64 = Release|ARM64
		Release|x64 = Release|x64
		Release|x86 = Release|x86
	EndGlobalSection
	GlobalSection(ProjectConfigurationPlatforms) = postSolution
		{59BC4308-214A-4845-AB35-68EF4ADCC707}.Debug|ARM.ActiveCfg = Debug|ARM
		{59BC4308-214A-4845-AB35-68EF4ADCC707}.Debug|ARM.Build.0 = Debug|ARM
		{59BC4308-214A-4845-AB35-68EF4ADCC707}.Debug|ARM.Deploy.0 = Debug|ARM
		{59BC4308-214A-4845-AB35-68EF4ADCC707}.Debug|ARM64.ActiveCfg = Debug|ARM64
		{59BC4308-214A-4845-AB35-68EF4ADCC707}.Debug|ARM64.Build.0 = Debug|ARM64
		{59BC4308-214A-4845-AB35-68EF4ADCC707}.Debug|ARM64.Deploy.0 = Debug|ARM64
		{59BC4308-214A-4845-AB35-68EF4ADCC707}.Debug|x64.ActiveCfg = Debug|x64
		{59BC4308-214A-4845-AB35-68EF4ADCC707}.Debug|x64.Build.0 = Debug|x64
		{59BC4308-214A-4845-AB35-68EF4ADCC707}.Debug|x64.Deploy.0 = Debug|x64
		{59BC4308-214A-4845-AB35-68EF4ADCC707}.Debug|x86.ActiveCfg = Debug|x86
		{59BC4308-214A-4845-AB35-68EF4ADCC707}.Debug|x86.Build.0 = Debug|x86
		{59BC4308-214A-4845-AB35-68EF4ADCC707}.Debug|x86.Deploy.0 = Debug|x86
		{59BC4308-214A-4845-AB35-68EF4ADCC707}.Release|ARM.ActiveCfg = Release|ARM
		{59BC4308-214A-4845-AB35-68EF4ADCC707}.Release|ARM.Build.0 = Release|ARM
		{59BC4308-214A-4845-AB35-68EF4ADCC707}.Release|ARM.Deploy.0 = Release|ARM
		{59BC4308-214A-4845-AB35-68EF4ADCC707}.Release|ARM64.ActiveCfg = Release|ARM64
		{59BC4308-214A-4845-AB35-68EF4ADCC707}.Release|ARM64.Build.0 = Release|ARM64
		{59BC4308-214A-4845-AB35-68EF4ADCC707}.Release|ARM64.Deploy.0 = Release|ARM64
		{59BC4308-214A-4845-AB35-68EF4ADCC707}.Release|x64.ActiveCfg = Release|x64
		{59BC4308-214A-4845-AB35-68EF4ADCC707}.Release|x64.Build.0 = Release|x64
		{59BC4308-214A-4845-AB35-68EF4ADCC707}.Release|x64.Deploy.0 = Release|x64
		{59BC4308-214A-4845-AB35-68EF4ADCC707}.Release|x86.ActiveCfg = Release|x86
		{59BC4308-214A-4845-AB35-68EF4ADCC707}.Release|x86.Build.0 = Release|x86
		{59BC4308-214A-4845-AB35-68EF4ADCC707}.Release|x86.Deploy.0 = Release|x86
		{96FB554B-A41D-4831-AB6B-167D71CCEC97}.Debug|ARM.ActiveCfg = Debug|ARM
		{96FB554B-A41D-4831-AB6B-167D71CCEC97}.Debug|ARM.Build.0 = Debug|ARM
		{96FB554B-A41D-4831-AB6B-167D71CCEC97}.Debug|ARM.Deploy.0 = Debug|ARM
		{96FB554B-A41D-4831-AB6B-167D71CCEC97}.Debug|ARM64.ActiveCfg = Debug|ARM64
		{96FB554B-A41D-4831-AB6B-167D71CCEC97}.Debug|ARM64.Build.0 = Debug|ARM64
		{96FB554B-A41D-4831-AB6B-167D71CCEC97}.Debug|ARM64.Deploy.0 = Debug|ARM64
		{96FB554B-A41D-4831-AB6B-167D71CCEC97}.Debug|x64.ActiveCfg = Debug|x64
		{96FB554B-A41D-4831-AB6B-167D71CCEC97}.Debug|x64.Build.0 = Debug|x64
		{96FB554B-A41D-4831-AB6B-167D71CCEC97}.Debug|x64.Deploy.0 = Debug|x64
		{96FB554B-A41D-4831-AB6B-167D71CCEC97}.Debug|x86.ActiveCfg = Debug|x86
		{96FB554B-A41D-4831-AB6B-167D71CCEC97}.Debug|x86.Build.0 = Debug|x86
		{96FB554B-A41D-4831-AB6B-167D71CCEC97}.Debug|x86.Deploy.0 = Debug|x86
		{96FB554B-A41D-4831-AB6B-167D71CCEC97}.Release|ARM.ActiveCfg = Release|ARM
		{96FB554B-A41D-4831-AB6B-167D71CCEC97}.Release|ARM.Build.0 = Release|ARM
		{96FB554B-A41D-4831-AB6B-167D71CCEC97}.Release|ARM.Deploy.0 = Release|ARM
		{96FB554B-A41D-4831-AB6B-167D71CCEC97}.Release|ARM64.ActiveCfg = Release|ARM64
		{96FB554B-A41D-4831-AB6B-167D71CCEC97}.Release|ARM64.Build.0 = Release|ARM64
		{96FB554B-A41D-4831-AB6B-167D71CCEC97}.Release|ARM64.Deploy.0 = Release|ARM64
		{96FB554B-A41D-4831-AB6B-167D71CCEC97}.Release|x64.ActiveCfg = Release|x64
		{96FB554B-A41D-4831-AB6B-167D71CCEC97}.Release|x64.Build.0 = Release|x64
		{96FB554B-A41D-4831-AB6B-167D71CCEC97}.Release|x64.Deploy.0 = Release|x64
		{96FB554B-A41D-4831-AB6B-167D71CCEC97}.Release|x86.ActiveCfg = Release|x86
		{96FB554B-A41D-4831-AB6B-167D71CCEC97}.Release|x86.Build.0 = Release|x86
		{96FB554B-A41D-4831-AB6B-167D71CCEC97}.Release|x86.Deploy.0 = Release|x86
		{5C7D28E9-576B-4C14-9372-69B0E6CBEB94}.Debug|ARM.ActiveCfg = Debug|ARM
		{5C7D28E9-576B-4C14-9372-69B0E6CBEB94}.Debug|ARM.Build.0 = Debug|ARM
		{5C7D28E9-576B-4C14-9372-69B0E6CBEB94}.Debug|ARM.Deploy.0 = Debug|ARM
		{5C7D28E9-576B-4C14-9372-69B0E6CBEB94}.Debug|ARM64.ActiveCfg = Debug|ARM64
		{5C7D28E9-576B-4C14-9372-69B0E6CBEB94}.Debug|ARM64.Build.0 = Debug|ARM64
		{5C7D28E9-576B-4C14-9372-69B0E6CBEB94}.Debug|ARM64.Deploy.0 = Debug|ARM64
		{5C7D28E9-576B-4C14-9372-69B0E6CBEB94}.Debug|x64.ActiveCfg = Debug|x64
		{5C7D28E9-576B-4C14-9372-69B0E6CBEB94}.Debug|x64.Build.0 = Debug|x64
		{5C7D28E9-576B-4C14-9372-69B0E6CBEB94}.Debug|x64.Deploy.0 = Debug|x64
		{5C7D28E9-576B-4C14-9372-69B0E6CBEB94}.Debug|x86.ActiveCfg = Debug|x86
		{5C7D28E9-576B-4C14-9372-69B0E6CBEB94}.Debug|x86.Build.0 = Debug|x86
		{5C7D28E9-576B-4C14-9372-69B0E6CBEB94}.Debug|x86.Deploy.0 = Debug|x86
		{5C7D28E9-576B-4C14-9372-69B0E6CBEB94}.Release|ARM.ActiveCfg = Release|ARM
		{5C7D28E9-576B-4C14-9372-69B0E6CBEB94}.Release|ARM.Build.0 = Release|ARM
		{5C7D28E9-576B-4C14-9372-69B0E6CBEB94}.Release|ARM.Deploy.0 = Release|ARM
		{5C7D28E9-576B-4C14-9372-69B0E6CBEB94}.Release|ARM64.ActiveCfg = Release|ARM64
		{5C7D28E9-576B-4C14-9372-69B0E6CBEB94}.Release|ARM64.Build.0 = Release|ARM64
		{5C7D28E9-576B-4C14-9372-69B0E6CBEB94}.Release|ARM64.Deploy.0 = Release|ARM64
		{5C7D28E9-576B-4C14-9372-69B0E6CBEB94}.Release|x64.ActiveCfg = Release|x64
		{5C7D28E9-576B-4C14-9372-69B0E6CBEB94}.Release|x64.Build.0 = Release|x64
		{5C7D28E9-576B-4C14-9372-69B0E6CBEB94}.Release|x64.Deploy.0 = Release|x64
		{5C7D28E9-576B-4C14-9372-69B0E6CBEB94}.Release|x86.ActiveCfg = Release|x86
		{5C7D28E9-576B-4C14-9372-69B0E6CBEB94}.Release|x86.Build.0 = Release|x86
		{5C7D28E9-576B-4C14-9372-69B0E6CBEB94}.Release|x86.Deploy.0 = Release|x86
		{3F344D29-FA4A-4601-87B0-32C6E53D145F}.Debug|ARM.ActiveCfg = Debug|ARM
		{3F344D29-FA4A-4601-87B0-32C6E53D145F}.Debug|ARM.Build.0 = Debug|ARM
		{3F344D29-FA4A-4601-87B0-32C6E53D145F}.Debug|ARM.Deploy.0 = Debug|ARM
		{3F344D29-FA4A-4601-87B0-32C6E53D145F}.Debug|ARM64.ActiveCfg = Debug|ARM64
		{3F344D29-FA4A-4601-87B0-32C6E53D145F}.Debug|ARM64.Build.0 = Debug|ARM64
		{3F344D29-FA4A-4601-87B0-32C6E53D145F}.Debug|ARM64.Deploy.0 = Debug|ARM64
		{3F344D29-FA4A-4601-87B0-32C6E53D145F}.Debug|x64.ActiveCfg = Debug|x64
		{3F344D29-FA4A-4601-87B0-32C6E53D145F}.Debug|x64.Build.0 = Debug|x64
		{3F344D29-FA4A-4601-87B0-32C6E53D145F}.Debug|x64.Deploy.0 = Debug|x64
		{3F344D29-FA4A-4601-87B0-32C6E53D145F}.Debug|x86.ActiveCfg = Debug|x86
		{3F344D29-FA4A-4601-87B0-32C6E53D145F}.Debug|x86.Build.0 = Debug|x86
		{3F344D29-FA4A-4601-87B0-32C6E53D145F}.Debug|x86.Deploy.0 = Debug|x86
		{3F344D29-FA4A-4601-87B0-32C6E53D145F}.Release|ARM.ActiveCfg = Release|ARM
		{3F344D29-FA4A-4601-87B0-32C6E53D145F}.Release|ARM.Build.0 = Release|ARM
		{3F344D29-FA4A-4601-87B0-32C6E53D145F}.Release|ARM.Deploy.0 = Release|ARM
		{3F344D29-FA4A-4601-87B0-32C6E53D145F}.Release|ARM64.ActiveCfg = Release|ARM64
		{3F344D29-FA4A-4601-87B0-32C6E53D145F}.Release|ARM64.Build.0 = Release|ARM64
		{3F344D29-FA4A-4601-87B0-32C6E53D145F}.Release|ARM64.Deploy.0 = Release|ARM64
		{3F344D29-FA4A-4601-87B0-32C6E53D145F}.Release|x64.ActiveCfg = Release|x64
		{3F344D29-FA4A-4601-87B0-32C6E53D145F}.Release|x64.Build.0 = Release|x64
		{3F344D29-FA4A-4601-87B0-32C6E53D145F}.Release|x64.Deploy.0 = Release|x64
		{3F344D29-FA4A-4601-87B0-32C6E53D145F}.Release|x86.ActiveCfg = Release|x86
		{3F344D29-FA4A-4601-87B0-32C6E53D145F}.Release|x86.Build.0 = Release|x86
		{3F344D29-FA4A-4601-87B0-32C6E53D145F}.Release|x86.Deploy.0 = Release|x86
		{DA574F4B-5CFA-43BF-8674-D0E736939F50}.Debug|ARM.ActiveCfg = Debug|ARM
		{DA574F4B-5CFA-43BF-8674-D0E736939F50}.Debug|ARM.Build.0 = Debug|ARM
		{DA574F4B-5CFA-43BF-8674-D0E736939F50}.Debug|ARM.Deploy.0 = Debug|ARM
		{DA574F4B-5CFA-43BF-8674-D0E736939F50}.Debug|ARM64.ActiveCfg = Debug|ARM64
		{DA574F4B-5CFA-43BF-8674-D0E736939F50}.Debug|ARM64.Build.0 = Debug|ARM64
		{DA574F4B-5CFA-43BF-8674-D0E736939F50}.Debug|ARM64.Deploy.0 = Debug|ARM64
		{DA574F4B-5CFA-43BF-8674-D0E736939F50}.Debug|x64.ActiveCfg = Debug|x64
		{DA574F4B-5CFA-43BF-8674-D0E736939F50}.Debug|x64.Build.0 = Debug|x64
		{DA574F4B-5CFA-43BF-8674-D0E736939F50}.Debug|x64.Deploy.0 = Debug|x64
		{DA574F4B-5CFA-43BF-8674-D0E736939F50}.Debug|x86.ActiveCfg = Debug|x86
		{DA574F4B-5CFA-43BF-8674-D0E736939F50}.Debug|x86.Build.0 = Debug|x86
		{DA574F4B-5CFA-43BF-8674-D0E736939F50}.Debug|x86.Deploy.0 = Debug|x86
		{DA574F4B-5CFA-43BF-8674-D0E736939F50}.Release|ARM.ActiveCfg = Release|ARM
		{DA574F4B-5CFA-43BF-8674-D0E736939F50}.Release|ARM.Build.0 = Release|ARM
		{DA574F4B-5CFA-43BF-8674-D0E736939F50}.Release|ARM.Deploy.0 = Release|ARM
		{DA574F4B-5CFA-43BF-8674-D0E736939F50}.Release|ARM64.ActiveCfg = Release|ARM64
		{DA574F4B-5CFA-43BF-8674-D0E736939F50}.Release|ARM64.Build.0 = Release|ARM64
		{DA574F4B-5CFA-43BF-8674-D0E736939F50}.Release|ARM64.Deploy.0 = Release|ARM64
		{DA574F4B-5CFA-43BF-8674-D0E736939F50}.Release|x64.ActiveCfg = Release|x64
		{DA574F4B-5CFA-43BF-8674-D0E736939F50}.Release|x64.Build.0 = Release|x64
		{DA574F4B-5CFA-43BF-8674-D0E736939F50}.Release|x64.Deploy.0 = Release|x64
		{DA574F4B-5CFA-43BF-8674-D0E736939F50}.Release|x86.ActiveCfg = Release|x86
		{DA574F4B-5CFA-43BF-8674-D0E736939F50}.Release|x86.Build.0 = Release|x86
		{DA574F4B-5CFA-43BF-8674-D0E736939F50}.Release|x86.Deploy.0 = Release|x86
	EndGlobalSection
	GlobalSection(SolutionProperties) = preSolution
		HideSolutionNode = FALSE
	EndGlobalSection
	GlobalSection(ExtensibilityGlobals) = postSolution
		SolutionGuid = {CB16183D-A1FF-403D-9114-E1808A089153}
	EndGlobalSection
EndGlobal
